
Microsoft Visual Studio Solution File, Format Version 12.00
# Visual Studio Version 17
VisualStudioVersion = 17.0.32112.339
MinimumVisualStudioVersion = 10.0.40219.1
Project("{9A19103F-16F7-4668-BE54-9A1E7A4F7556}") = "BlazorEcommerce.Server", "BlazorEcommerce\Server\BlazorEcommerce.Server.csproj", "{716B6156-1545-4D59-A744-4C9FF852BD0F}"
EndProject
Project("{9A19103F-16F7-4668-BE54-9A1E7A4F7556}") = "BlazorEcommerce.Client", "BlazorEcommerce\Client\BlazorEcommerce.Client.csproj", "{B1E48F24-9468-4780-8C70-7922A463C8D9}"
EndProject
Project("{9A19103F-16F7-4668-BE54-9A1E7A4F7556}") = "BlazorEcommerce.Shared", "BlazorEcommerce\Shared\BlazorEcommerce.Shared.csproj", "{8414CED0-1829-4C8C-9D0D-0058EE6F84BE}"
EndProject
Global
	GlobalSection(SolutionConfigurationPlatforms) = preSolution
		Debug|Any CPU = Debug|Any CPU
		Release|Any CPU = Release|Any CPU
	EndGlobalSection
	GlobalSection(ProjectConfigurationPlatforms) = postSolution
		{716B6156-1545-4D59-A744-4C9FF852BD0F}.Debug|Any CPU.ActiveCfg = Debug|Any CPU
		{716B6156-1545-4D59-A744-4C9FF852BD0F}.Debug|Any CPU.Build.0 = Debug|Any CPU
		{716B6156-1545-4D59-A744-4C9FF852BD0F}.Release|Any CPU.ActiveCfg = Release|Any CPU
		{716B6156-1545-4D59-A744-4C9FF852BD0F}.Release|Any CPU.Build.0 = Release|Any CPU
		{B1E48F24-9468-4780-8C70-7922A463C8D9}.Debug|Any CPU.ActiveCfg = Debug|Any CPU
		{B1E48F24-9468-4780-8C70-7922A463C8D9}.Debug|Any CPU.Build.0 = Debug|Any CPU
		{B1E48F24-9468-4780-8C70-7922A463C8D9}.Release|Any CPU.ActiveCfg = Release|Any CPU
		{B1E48F24-9468-4780-8C70-7922A463C8D9}.Release|Any CPU.Build.0 = Release|Any CPU
		{8414CED0-1829-4C8C-9D0D-0058EE6F84BE}.Debug|Any CPU.ActiveCfg = Debug|Any CPU
		{8414CED0-1829-4C8C-9D0D-0058EE6F84BE}.Debug|Any CPU.Build.0 = Debug|Any CPU
		{8414CED0-1829-4C8C-9D0D-0058EE6F84BE}.Release|Any CPU.ActiveCfg = Release|Any CPU
		{8414CED0-1829-4C8C-9D0D-0058EE6F84BE}.Release|Any CPU.Build.0 = Release|Any CPU
	EndGlobalSection
	GlobalSection(SolutionProperties) = preSolution
		HideSolutionNode = FALSE
	EndGlobalSection
	GlobalSection(ExtensibilityGlobals) = postSolution
		SolutionGuid = {31A57ADF-3AD7-4834-B0EC-E4D9A21CB816}
	EndGlobalSection
EndGlobal
